
Microsoft Visual Studio Solution File, Format Version 12.00
# Visual Studio 15
VisualStudioVersion = 15.0.26124.0
MinimumVisualStudioVersion = 15.0.26124.0
Project("{FAE04EC0-301F-11D3-BF4B-00C04F79EFBC}") = "Api", "Api.Application\Api.csproj", "{A0E3AD06-7EF8-42D4-A70B-CE7C9D6A003B}"
EndProject
Project("{FAE04EC0-301F-11D3-BF4B-00C04F79EFBC}") = "Domain", "Api.Domain\Domain.csproj", "{D98773EF-AD7D-4CF3-9611-DBE61841D5E2}"
EndProject
Project("{FAE04EC0-301F-11D3-BF4B-00C04F79EFBC}") = "CrossCuting", "Api.CrossCuting\CrossCuting.csproj", "{A9D9D0AF-E954-4381-B2AC-27F5A84064FA}"
EndProject
Project("{FAE04EC0-301F-11D3-BF4B-00C04F79EFBC}") = "Data", "Api.Data\Data.csproj", "{72EE2D2C-E33C-48D0-BB3C-A00D3E37453A}"
EndProject
Project("{FAE04EC0-301F-11D3-BF4B-00C04F79EFBC}") = "Service", "Api.Service\Service.csproj", "{30E09BAD-408D-4EEB-A736-32B418DDF66F}"
EndProject
Global
	GlobalSection(SolutionConfigurationPlatforms) = preSolution
		Debug|Any CPU = Debug|Any CPU
		Debug|x64 = Debug|x64
		Debug|x86 = Debug|x86
		Release|Any CPU = Release|Any CPU
		Release|x64 = Release|x64
		Release|x86 = Release|x86
	EndGlobalSection
	GlobalSection(SolutionProperties) = preSolution
		HideSolutionNode = FALSE
	EndGlobalSection
	GlobalSection(ProjectConfigurationPlatforms) = postSolution
		{A0E3AD06-7EF8-42D4-A70B-CE7C9D6A003B}.Debug|Any CPU.ActiveCfg = Debug|Any CPU
		{A0E3AD06-7EF8-42D4-A70B-CE7C9D6A003B}.Debug|Any CPU.Build.0 = Debug|Any CPU
		{A0E3AD06-7EF8-42D4-A70B-CE7C9D6A003B}.Debug|x64.ActiveCfg = Debug|Any CPU
		{A0E3AD06-7EF8-42D4-A70B-CE7C9D6A003B}.Debug|x64.Build.0 = Debug|Any CPU
		{A0E3AD06-7EF8-42D4-A70B-CE7C9D6A003B}.Debug|x86.ActiveCfg = Debug|Any CPU
		{A0E3AD06-7EF8-42D4-A70B-CE7C9D6A003B}.Debug|x86.Build.0 = Debug|Any CPU
		{A0E3AD06-7EF8-42D4-A70B-CE7C9D6A003B}.Release|Any CPU.ActiveCfg = Release|Any CPU
		{A0E3AD06-7EF8-42D4-A70B-CE7C9D6A003B}.Release|Any CPU.Build.0 = Release|Any CPU
		{A0E3AD06-7EF8-42D4-A70B-CE7C9D6A003B}.Release|x64.ActiveCfg = Release|Any CPU
		{A0E3AD06-7EF8-42D4-A70B-CE7C9D6A003B}.Release|x64.Build.0 = Release|Any CPU
		{A0E3AD06-7EF8-42D4-A70B-CE7C9D6A003B}.Release|x86.ActiveCfg = Release|Any CPU
		{A0E3AD06-7EF8-42D4-A70B-CE7C9D6A003B}.Release|x86.Build.0 = Release|Any CPU
		{D98773EF-AD7D-4CF3-9611-DBE61841D5E2}.Debug|Any CPU.ActiveCfg = Debug|Any CPU
		{D98773EF-AD7D-4CF3-9611-DBE61841D5E2}.Debug|Any CPU.Build.0 = Debug|Any CPU
		{D98773EF-AD7D-4CF3-9611-DBE61841D5E2}.Debug|x64.ActiveCfg = Debug|Any CPU
		{D98773EF-AD7D-4CF3-9611-DBE61841D5E2}.Debug|x64.Build.0 = Debug|Any CPU
		{D98773EF-AD7D-4CF3-9611-DBE61841D5E2}.Debug|x86.ActiveCfg = Debug|Any CPU
		{D98773EF-AD7D-4CF3-9611-DBE61841D5E2}.Debug|x86.Build.0 = Debug|Any CPU
		{D98773EF-AD7D-4CF3-9611-DBE61841D5E2}.Release|Any CPU.ActiveCfg = Release|Any CPU
		{D98773EF-AD7D-4CF3-9611-DBE61841D5E2}.Release|Any CPU.Build.0 = Release|Any CPU
		{D98773EF-AD7D-4CF3-9611-DBE61841D5E2}.Release|x64.ActiveCfg = Release|Any CPU
		{D98773EF-AD7D-4CF3-9611-DBE61841D5E2}.Release|x64.Build.0 = Release|Any CPU
		{D98773EF-AD7D-4CF3-9611-DBE61841D5E2}.Release|x86.ActiveCfg = Release|Any CPU
		{D98773EF-AD7D-4CF3-9611-DBE61841D5E2}.Release|x86.Build.0 = Release|Any CPU
		{A9D9D0AF-E954-4381-B2AC-27F5A84064FA}.Debug|Any CPU.ActiveCfg = Debug|Any CPU
		{A9D9D0AF-E954-4381-B2AC-27F5A84064FA}.Debug|Any CPU.Build.0 = Debug|Any CPU
		{A9D9D0AF-E954-4381-B2AC-27F5A84064FA}.Debug|x64.ActiveCfg = Debug|Any CPU
		{A9D9D0AF-E954-4381-B2AC-27F5A84064FA}.Debug|x64.Build.0 = Debug|Any CPU
		{A9D9D0AF-E954-4381-B2AC-27F5A84064FA}.Debug|x86.ActiveCfg = Debug|Any CPU
		{A9D9D0AF-E954-4381-B2AC-27F5A84064FA}.Debug|x86.Build.0 = Debug|Any CPU
		{A9D9D0AF-E954-4381-B2AC-27F5A84064FA}.Release|Any CPU.ActiveCfg = Release|Any CPU
		{A9D9D0AF-E954-4381-B2AC-27F5A84064FA}.Release|Any CPU.Build.0 = Release|Any CPU
		{A9D9D0AF-E954-4381-B2AC-27F5A84064FA}.Release|x64.ActiveCfg = Release|Any CPU
		{A9D9D0AF-E954-4381-B2AC-27F5A84064FA}.Release|x64.Build.0 = Release|Any CPU
		{A9D9D0AF-E954-4381-B2AC-27F5A84064FA}.Release|x86.ActiveCfg = Release|Any CPU
		{A9D9D0AF-E954-4381-B2AC-27F5A84064FA}.Release|x86.Build.0 = Release|Any CPU
		{72EE2D2C-E33C-48D0-BB3C-A00D3E37453A}.Debug|Any CPU.ActiveCfg = Debug|Any CPU
		{72EE2D2C-E33C-48D0-BB3C-A00D3E37453A}.Debug|Any CPU.Build.0 = Debug|Any CPU
		{72EE2D2C-E33C-48D0-BB3C-A00D3E37453A}.Debug|x64.ActiveCfg = Debug|Any CPU
		{72EE2D2C-E33C-48D0-BB3C-A00D3E37453A}.Debug|x64.Build.0 = Debug|Any CPU
		{72EE2D2C-E33C-48D0-BB3C-A00D3E37453A}.Debug|x86.ActiveCfg = Debug|Any CPU
		{72EE2D2C-E33C-48D0-BB3C-A00D3E37453A}.Debug|x86.Build.0 = Debug|Any CPU
		{72EE2D2C-E33C-48D0-BB3C-A00D3E37453A}.Release|Any CPU.ActiveCfg = Release|Any CPU
		{72EE2D2C-E33C-48D0-BB3C-A00D3E37453A}.Release|Any CPU.Build.0 = Release|Any CPU
		{72EE2D2C-E33C-48D0-BB3C-A00D3E37453A}.Release|x64.ActiveCfg = Release|Any CPU
		{72EE2D2C-E33C-48D0-BB3C-A00D3E37453A}.Release|x64.Build.0 = Release|Any CPU
		{72EE2D2C-E33C-48D0-BB3C-A00D3E37453A}.Release|x86.ActiveCfg = Release|Any CPU
		{72EE2D2C-E33C-48D0-BB3C-A00D3E37453A}.Release|x86.Build.0 = Release|Any CPU
		{30E09BAD-408D-4EEB-A736-32B418DDF66F}.Debug|Any CPU.ActiveCfg = Debug|Any CPU
		{30E09BAD-408D-4EEB-A736-32B418DDF66F}.Debug|Any CPU.Build.0 = Debug|Any CPU
		{30E09BAD-408D-4EEB-A736-32B418DDF66F}.Debug|x64.ActiveCfg = Debug|Any CPU
		{30E09BAD-408D-4EEB-A736-32B418DDF66F}.Debug|x64.Build.0 = Debug|Any CPU
		{30E09BAD-408D-4EEB-A736-32B418DDF66F}.Debug|x86.ActiveCfg = Debug|Any CPU
		{30E09BAD-408D-4EEB-A736-32B418DDF66F}.Debug|x86.Build.0 = Debug|Any CPU
		{30E09BAD-408D-4EEB-A736-32B418DDF66F}.Release|Any CPU.ActiveCfg = Release|Any CPU
		{30E09BAD-408D-4EEB-A736-32B418DDF66F}.Release|Any CPU.Build.0 = Release|Any CPU
		{30E09BAD-408D-4EEB-A736-32B418DDF66F}.Release|x64.ActiveCfg = Release|Any CPU
		{30E09BAD-408D-4EEB-A736-32B418DDF66F}.Release|x64.Build.0 = Release|Any CPU
		{30E09BAD-408D-4EEB-A736-32B418DDF66F}.Release|x86.ActiveCfg = Release|Any CPU
		{30E09BAD-408D-4EEB-A736-32B418DDF66F}.Release|x86.Build.0 = Release|Any CPU
	EndGlobalSection
EndGlobal
